
Microsoft Visual Studio Solution File, Format Version 12.00
# Visual Studio Version 17
VisualStudioVersion = 17.1.32319.34
MinimumVisualStudioVersion = 10.0.40219.1
Project("{FAE04EC0-301F-11D3-BF4B-00C04F79EFBC}") = "Gym membership forms application", "Gym membership forms application\Gym membership forms application.csproj", "{456C4FE0-8236-4818-A2F7-5770F0B49995}"
EndProject
Global
	GlobalSection(SolutionConfigurationPlatforms) = preSolution
		Debug|Any CPU = Debug|Any CPU
		Release|Any CPU = Release|Any CPU
	EndGlobalSection
	GlobalSection(ProjectConfigurationPlatforms) = postSolution
		{456C4FE0-8236-4818-A2F7-5770F0B49995}.Debug|Any CPU.ActiveCfg = Debug|Any CPU
		{456C4FE0-8236-4818-A2F7-5770F0B49995}.Debug|Any CPU.Build.0 = Debug|Any CPU
		{456C4FE0-8236-4818-A2F7-5770F0B49995}.Release|Any CPU.ActiveCfg = Release|Any CPU
		{456C4FE0-8236-4818-A2F7-5770F0B49995}.Release|Any CPU.Build.0 = Release|Any CPU
	EndGlobalSection
	GlobalSection(SolutionProperties) = preSolution
		HideSolutionNode = FALSE
	EndGlobalSection
	GlobalSection(ExtensibilityGlobals) = postSolution
		SolutionGuid = {F2247C51-5F56-41FF-9A87-4409E7543AC8}
	EndGlobalSection
EndGlobal
